
Microsoft Visual Studio Solution File, Format Version 12.00
# Visual Studio Version 17
VisualStudioVersion = 17.9.34728.123
MinimumVisualStudioVersion = 10.0.40219.1
Project("{9A19103F-16F7-4668-BE54-9A1E7A4F7556}") = "GridDataWebAPI", "GridDataWebAPI\GridDataWebAPI.csproj", "{56F85582-E22E-482C-BB03-7CCB67EFCB4A}"
EndProject
Global
	GlobalSection(SolutionConfigurationPlatforms) = preSolution
		Debug|Any CPU = Debug|Any CPU
		Release|Any CPU = Release|Any CPU
	EndGlobalSection
	GlobalSection(ProjectConfigurationPlatforms) = postSolution
		{56F85582-E22E-482C-BB03-7CCB67EFCB4A}.Debug|Any CPU.ActiveCfg = Debug|Any CPU
		{56F85582-E22E-482C-BB03-7CCB67EFCB4A}.Debug|Any CPU.Build.0 = Debug|Any CPU
		{56F85582-E22E-482C-BB03-7CCB67EFCB4A}.Release|Any CPU.ActiveCfg = Release|Any CPU
		{56F85582-E22E-482C-BB03-7CCB67EFCB4A}.Release|Any CPU.Build.0 = Release|Any CPU
	EndGlobalSection
	GlobalSection(SolutionProperties) = preSolution
		HideSolutionNode = FALSE
	EndGlobalSection
	GlobalSection(ExtensibilityGlobals) = postSolution
		SolutionGuid = {B46A15E8-2AEC-49BF-B8CF-CEBA9C5B97DB}
	EndGlobalSection
EndGlobal
